
Microsoft Visual Studio Solution File, Format Version 12.00
# Visual Studio 2013
VisualStudioVersion = 12.0.30723.0
MinimumVisualStudioVersion = 10.0.40219.1
Project("{930C7802-8A8C-48F9-8165-68863BCCD9DD}") = "InstallerProject", "InstallerProject\InstallerProject.wixproj", "{99007B5B-DC55-4DD3-8C32-0B632EB428B7}"
EndProject
Global
	GlobalSection(SolutionConfigurationPlatforms) = preSolution
		Debug|x86 = Debug|x86
		Release|x86 = Release|x86
	EndGlobalSection
	GlobalSection(ProjectConfigurationPlatforms) = postSolution
		{99007B5B-DC55-4DD3-8C32-0B632EB428B7}.Debug|x86.ActiveCfg = Debug|x86
		{99007B5B-DC55-4DD3-8C32-0B632EB428B7}.Debug|x86.Build.0 = Debug|x86
		{99007B5B-DC55-4DD3-8C32-0B632EB428B7}.Release|x86.ActiveCfg = Release|x86
		{99007B5B-DC55-4DD3-8C32-0B632EB428B7}.Release|x86.Build.0 = Release|x86
	EndGlobalSection
	GlobalSection(SolutionProperties) = preSolution
		HideSolutionNode = FALSE
	EndGlobalSection
EndGlobal
